
Microsoft Visual Studio Solution File, Format Version 12.00
# Visual Studio Version 17
VisualStudioVersion = 17.9.34728.123
MinimumVisualStudioVersion = 10.0.40219.1
Project("{9A19103F-16F7-4668-BE54-9A1E7A4F7556}") = "MindCare", "MindCare\MindCare.csproj", "{164108BE-E933-4E39-AD5B-D52674280C67}"
EndProject
Global
	GlobalSection(SolutionConfigurationPlatforms) = preSolution
		Debug|Any CPU = Debug|Any CPU
		Debug|x64 = Debug|x64
		MindCare|Any CPU = MindCare|Any CPU
		MindCare|x64 = MindCare|x64
		MindCareActualizado|Any CPU = MindCareActualizado|Any CPU
		MindCareActualizado|x64 = MindCareActualizado|x64
		Release|Any CPU = Release|Any CPU
		Release|x64 = Release|x64
	EndGlobalSection
	GlobalSection(ProjectConfigurationPlatforms) = postSolution
		{164108BE-E933-4E39-AD5B-D52674280C67}.Debug|Any CPU.ActiveCfg = Debug|Any CPU
		{164108BE-E933-4E39-AD5B-D52674280C67}.Debug|Any CPU.Build.0 = Debug|Any CPU
		{164108BE-E933-4E39-AD5B-D52674280C67}.Debug|x64.ActiveCfg = Debug|x64
		{164108BE-E933-4E39-AD5B-D52674280C67}.Debug|x64.Build.0 = Debug|x64
		{164108BE-E933-4E39-AD5B-D52674280C67}.MindCare|Any CPU.ActiveCfg = MindCare|Any CPU
		{164108BE-E933-4E39-AD5B-D52674280C67}.MindCare|Any CPU.Build.0 = MindCare|Any CPU
		{164108BE-E933-4E39-AD5B-D52674280C67}.MindCare|x64.ActiveCfg = MindCare|x64
		{164108BE-E933-4E39-AD5B-D52674280C67}.MindCare|x64.Build.0 = MindCare|x64
		{164108BE-E933-4E39-AD5B-D52674280C67}.MindCareActualizado|Any CPU.ActiveCfg = MindCareActualizado|Any CPU
		{164108BE-E933-4E39-AD5B-D52674280C67}.MindCareActualizado|Any CPU.Build.0 = MindCareActualizado|Any CPU
		{164108BE-E933-4E39-AD5B-D52674280C67}.MindCareActualizado|x64.ActiveCfg = MindCareActualizado|x64
		{164108BE-E933-4E39-AD5B-D52674280C67}.MindCareActualizado|x64.Build.0 = MindCareActualizado|x64
		{164108BE-E933-4E39-AD5B-D52674280C67}.Release|Any CPU.ActiveCfg = Release|Any CPU
		{164108BE-E933-4E39-AD5B-D52674280C67}.Release|Any CPU.Build.0 = Release|Any CPU
		{164108BE-E933-4E39-AD5B-D52674280C67}.Release|x64.ActiveCfg = Release|x64
		{164108BE-E933-4E39-AD5B-D52674280C67}.Release|x64.Build.0 = Release|x64
	EndGlobalSection
	GlobalSection(SolutionProperties) = preSolution
		HideSolutionNode = FALSE
	EndGlobalSection
	GlobalSection(ExtensibilityGlobals) = postSolution
		SolutionGuid = {837ED243-62FF-44D2-A21B-554C751172F6}
	EndGlobalSection
EndGlobal
